// !$*UTF8*$!
{
	archiveVersion = 1;
	classes = {
	};
	objectVersion = 46;
	objects = {

/* Begin PBXBuildFile section */
		9F2CC3A21B6B088D005154E9 /* PointView.m in Sources */ = {isa = PBXBuildFile; fileRef = 9F2CC3A11B6B088D005154E9 /* PointView.m */; };
		9F2CC3A51B6B2D13005154E9 /* MiFMPointView.m in Sources */ = {isa = PBXBuildFile; fileRef = 9F2CC3A41B6B2D13005154E9 /* MiFMPointView.m */; };
		9FD98E3E1B459A94002BBBC4 /* main.m in Sources */ = {isa = PBXBuildFile; fileRef = 9FD98E3D1B459A94002BBBC4 /* main.m */; };
		9FD98E411B459A94002BBBC4 /* AppDelegate.m in Sources */ = {isa = PBXBuildFile; fileRef = 9FD98E401B459A94002BBBC4 /* AppDelegate.m */; };
		9FD98E441B459A94002BBBC4 /* ViewController.m in Sources */ = {isa = PBXBuildFile; fileRef = 9FD98E431B459A94002BBBC4 /* ViewController.m */; };
		9FD98E471B459A94002BBBC4 /* Main.storyboard in Resources */ = {isa = PBXBuildFile; fileRef = 9FD98E451B459A94002BBBC4 /* Main.storyboard */; };
		9FD98E491B459A94002BBBC4 /* Images.xcassets in Resources */ = {isa = PBXBuildFile; fileRef = 9FD98E481B459A94002BBBC4 /* Images.xcassets */; };
		9FD98E4C1B459A94002BBBC4 /* LaunchScreen.xib in Resources */ = {isa = PBXBuildFile; fileRef = 9FD98E4A1B459A94002BBBC4 /* LaunchScreen.xib */; };
		9FD98E581B459A94002BBBC4 /* DrawTestDemoTests.m in Sources */ = {isa = PBXBuildFile; fileRef = 9FD98E571B459A94002BBBC4 /* DrawTestDemoTests.m */; };
		9FD98E631B459B04002BBBC4 /* BezierV.m in Sources */ = {isa = PBXBuildFile; fileRef = 9FD98E621B459B04002BBBC4 /* BezierV.m */; };
/* End PBXBuildFile section */

/* Begin PBXContainerItemProxy section */
		9FD98E521B459A94002BBBC4 /* PBXContainerItemProxy */ = {
			isa = PBXContainerItemProxy;
			containerPortal = 9FD98E301B459A94002BBBC4 /* Project object */;
			proxyType = 1;
			remoteGlobalIDString = 9FD98E371B459A94002BBBC4;
			remoteInfo = DrawTestDemo;
		};
/* End PBXContainerItemProxy section */

/* Begin PBXFileReference section */
		9F2CC3A01B6B088D005154E9 /* PointView.h */ = {isa = PBXFileReference; fileEncoding = 4; lastKnownFileType = sourcecode.c.h; path = PointView.h; sourceTree = "<group>"; };
		9F2CC3A11B6B088D005154E9 /* PointView.m */ = {isa = PBXFileReference; fileEncoding = 4; lastKnownFileType = sourcecode.c.objc; path = PointView.m; sourceTree = "<group>"; };
		9F2CC3A31B6B2D13005154E9 /* MiFMPointView.h */ = {isa = PBXFileReference; fileEncoding = 4; lastKnownFileType = sourcecode.c.h; path = MiFMPointView.h; sourceTree = "<group>"; };
		9F2CC3A41B6B2D13005154E9 /* MiFMPointView.m */ = {isa = PBXFileReference; fileEncoding = 4; lastKnownFileType = sourcecode.c.objc; path = MiFMPointView.m; sourceTree = "<group>"; };
		9FD98E381B459A94002BBBC4 /* DrawTestDemo.app */ = {isa = PBXFileReference; explicitFileType = wrapper.application; includeInIndex = 0; path = DrawTestDemo.app; sourceTree = BUILT_PRODUCTS_DIR; };
		9FD98E3C1B459A94002BBBC4 /* Info.plist */ = {isa = PBXFileReference; lastKnownFileType = text.plist.xml; path = Info.plist; sourceTree = "<group>"; };
		9FD98E3D1B459A94002BBBC4 /* main.m */ = {isa = PBXFileReference; lastKnownFileType = sourcecode.c.objc; path = main.m; sourceTree = "<group>"; };
		9FD98E3F1B459A94002BBBC4 /* AppDelegate.h */ = {isa = PBXFileReference; lastKnownFileType = sourcecode.c.h; path = AppDelegate.h; sourceTree = "<group>"; };
		9FD98E401B459A94002BBBC4 /* AppDelegate.m */ = {isa = PBXFileReference; lastKnownFileType = sourcecode.c.objc; path = AppDelegate.m; sourceTree = "<group>"; };
		9FD98E421B459A94002BBBC4 /* ViewController.h */ = {isa = PBXFileReference; lastKnownFileType = sourcecode.c.h; path = ViewController.h; sourceTree = "<group>"; };
		9FD98E431B459A94002BBBC4 /* ViewController.m */ = {isa = PBXFileReference; lastKnownFileType = sourcecode.c.objc; path = ViewController.m; sourceTree = "<group>"; };
		9FD98E461B459A94002BBBC4 /* Base */ = {isa = PBXFileReference; lastKnownFileType = file.storyboard; name = Base; path = Base.lproj/Main.storyboard; sourceTree = "<group>"; };
		9FD98E481B459A94002BBBC4 /* Images.xcassets */ = {isa = PBXFileReference; lastKnownFileType = folder.assetcatalog; path = Images.xcassets; sourceTree = "<group>"; };
		9FD98E4B1B459A94002BBBC4 /* Base */ = {isa = PBXFileReference; lastKnownFileType = file.xib; name = Base; path = Base.lproj/LaunchScreen.xib; sourceTree = "<group>"; };
		9FD98E511B459A94002BBBC4 /* DrawTestDemoTests.xctest */ = {isa = PBXFileReference; explicitFileType = wrapper.cfbundle; includeInIndex = 0; path = DrawTestDemoTests.xctest; sourceTree = BUILT_PRODUCTS_DIR; };
		9FD98E561B459A94002BBBC4 /* Info.plist */ = {isa = PBXFileReference; lastKnownFileType = text.plist.xml; path = Info.plist; sourceTree = "<group>"; };
		9FD98E571B459A94002BBBC4 /* DrawTestDemoTests.m */ = {isa = PBXFileReference; lastKnownFileType = sourcecode.c.objc; path = DrawTestDemoTests.m; sourceTree = "<group>"; };
		9FD98E611B459B04002BBBC4 /* BezierV.h */ = {isa = PBXFileReference; fileEncoding = 4; lastKnownFileType = sourcecode.c.h; path = BezierV.h; sourceTree = "<group>"; };
		9FD98E621B459B04002BBBC4 /* BezierV.m */ = {isa = PBXFileReference; fileEncoding = 4; lastKnownFileType = sourcecode.c.objc; path = BezierV.m; sourceTree = "<group>"; };
/* End PBXFileReference section */

/* Begin PBXFrameworksBuildPhase section */
		9FD98E351B459A94002BBBC4 /* Frameworks */ = {
			isa = PBXFrameworksBuildPhase;
			buildActionMask = 2147483647;
			files = (
			);
			runOnlyForDeploymentPostprocessing = 0;
		};
		9FD98E4E1B459A94002BBBC4 /* Frameworks */ = {
			isa = PBXFrameworksBuildPhase;
			buildActionMask = 2147483647;
			files = (
			);
			runOnlyForDeploymentPostprocessing = 0;
		};
/* End PBXFrameworksBuildPhase section */

/* Begin PBXGroup section */
		9FD98E2F1B459A94002BBBC4 = {
			isa = PBXGroup;
			children = (
				9FD98E3A1B459A94002BBBC4 /* DrawTestDemo */,
				9FD98E541B459A94002BBBC4 /* DrawTestDemoTests */,
				9FD98E391B459A94002BBBC4 /* Products */,
			);
			sourceTree = "<group>";
		};
		9FD98E391B459A94002BBBC4 /* Products */ = {
			isa = PBXGroup;
			children = (
				9FD98E381B459A94002BBBC4 /* DrawTestDemo.app */,
				9FD98E511B459A94002BBBC4 /* DrawTestDemoTests.xctest */,
			);
			name = Products;
			sourceTree = "<group>";
		};
		9FD98E3A1B459A94002BBBC4 /* DrawTestDemo */ = {
			isa = PBXGroup;
			children = (
				9FD98E3F1B459A94002BBBC4 /* AppDelegate.h */,
				9FD98E401B459A94002BBBC4 /* AppDelegate.m */,
				9FD98E421B459A94002BBBC4 /* ViewController.h */,
				9FD98E431B459A94002BBBC4 /* ViewController.m */,
				9FD98E611B459B04002BBBC4 /* BezierV.h */,
				9FD98E621B459B04002BBBC4 /* BezierV.m */,
				9F2CC3A01B6B088D005154E9 /* PointView.h */,
				9F2CC3A11B6B088D005154E9 /* PointView.m */,
				9F2CC3A31B6B2D13005154E9 /* MiFMPointView.h */,
				9F2CC3A41B6B2D13005154E9 /* MiFMPointView.m */,
				9FD98E451B459A94002BBBC4 /* Main.storyboard */,
				9FD98E481B459A94002BBBC4 /* Images.xcassets */,
				9FD98E4A1B459A94002BBBC4 /* LaunchScreen.xib */,
				9FD98E3B1B459A94002BBBC4 /* Supporting Files */,
			);
			path = DrawTestDemo;
			sourceTree = "<group>";
		};
		9FD98E3B1B459A94002BBBC4 /* Supporting Files */ = {
			isa = PBXGroup;
			children = (
				9FD98E3C1B459A94002BBBC4 /* Info.plist */,
				9FD98E3D1B459A94002BBBC4 /* main.m */,
			);
			name = "Supporting Files";
			sourceTree = "<group>";
		};
		9FD98E541B459A94002BBBC4 /* DrawTestDemoTests */ = {
			isa = PBXGroup;
			children = (
				9FD98E571B459A94002BBBC4 /* DrawTestDemoTests.m */,
				9FD98E551B459A94002BBBC4 /* Supporting Files */,
			);
			path = DrawTestDemoTests;
			sourceTree = "<group>";
		};
		9FD98E551B459A94002BBBC4 /* Supporting Files */ = {
			isa = PBXGroup;
			children = (
				9FD98E561B459A94002BBBC4 /* Info.plist */,
			);
			name = "Supporting Files";
			sourceTree = "<group>";
		};
/* End PBXGroup section */

/* Begin PBXNativeTarget section */
		9FD98E371B459A94002BBBC4 /* DrawTestDemo */ = {
			isa = PBXNativeTarget;
			buildConfigurationList = 9FD98E5B1B459A94002BBBC4 /* Build configuration list for PBXNativeTarget "DrawTestDemo" */;
			buildPhases = (
				9FD98E341B459A94002BBBC4 /* Sources */,
				9FD98E351B459A94002BBBC4 /* Frameworks */,
				9FD98E361B459A94002BBBC4 /* Resources */,
			);
			buildRules = (
			);
			dependencies = (
			);
			name = DrawTestDemo;
			productName = DrawTestDemo;
			productReference = 9FD98E381B459A94002BBBC4 /* DrawTestDemo.app */;
			productType = "com.apple.product-type.application";
		};
		9FD98E501B459A94002BBBC4 /* DrawTestDemoTests */ = {
			isa = PBXNativeTarget;
			buildConfigurationList = 9FD98E5E1B459A94002BBBC4 /* Build configuration list for PBXNativeTarget "DrawTestDemoTests" */;
			buildPhases = (
				9FD98E4D1B459A94002BBBC4 /* Sources */,
				9FD98E4E1B459A94002BBBC4 /* Frameworks */,
				9FD98E4F1B459A94002BBBC4 /* Resources */,
			);
			buildRules = (
			);
			dependencies = (
				9FD98E531B459A94002BBBC4 /* PBXTargetDependency */,
			);
			name = DrawTestDemoTests;
			productName = DrawTestDemoTests;
			productReference = 9FD98E511B459A94002BBBC4 /* DrawTestDemoTests.xctest */;
			productType = "com.apple.product-type.bundle.unit-test";
		};
/* End PBXNativeTarget section */

/* Begin PBXProject section */
		9FD98E301B459A94002BBBC4 /* Project object */ = {
			isa = PBXProject;
			attributes = {
				LastUpgradeCheck = 0640;
				ORGANIZATIONNAME = Allen;
				TargetAttributes = {
					9FD98E371B459A94002BBBC4 = {
						CreatedOnToolsVersion = 6.4;
					};
					9FD98E501B459A94002BBBC4 = {
						CreatedOnToolsVersion = 6.4;
						TestTargetID = 9FD98E371B459A94002BBBC4;
					};
				};
			};
			buildConfigurationList = 9FD98E331B459A94002BBBC4 /* Build configuration list for PBXProject "DrawTestDemo" */;
			compatibilityVersion = "Xcode 3.2";
			developmentRegion = English;
			hasScannedForEncodings = 0;
			knownRegions = (
				en,
				Base,
			);
			mainGroup = 9FD98E2F1B459A94002BBBC4;
			productRefGroup = 9FD98E391B459A94002BBBC4 /* Products */;
			projectDirPath = "";
			projectRoot = "";
			targets = (
				9FD98E371B459A94002BBBC4 /* DrawTestDemo */,
				9FD98E501B459A94002BBBC4 /* DrawTestDemoTests */,
			);
		};
/* End PBXProject section */

/* Begin PBXResourcesBuildPhase section */
		9FD98E361B459A94002BBBC4 /* Resources */ = {
			isa = PBXResourcesBuildPhase;
			buildActionMask = 2147483647;
			files = (
				9FD98E471B459A94002BBBC4 /* Main.storyboard in Resources */,
				9FD98E4C1B459A94002BBBC4 /* LaunchScreen.xib in Resources */,
				9FD98E491B459A94002BBBC4 /* Images.xcassets in Resources */,
			);
			runOnlyForDeploymentPostprocessing = 0;
		};
		9FD98E4F1B459A94002BBBC4 /* Resources */ = {
			isa = PBXResourcesBuildPhase;
			buildActionMask = 2147483647;
			files = (
			);
			runOnlyForDeploymentPostprocessing = 0;
		};
/* End PBXResourcesBuildPhase section */

/* Begin PBXSourcesBuildPhase section */
		9FD98E341B459A94002BBBC4 /* Sources */ = {
			isa = PBXSourcesBuildPhase;
			buildActionMask = 2147483647;
			files = (
				9F2CC3A51B6B2D13005154E9 /* MiFMPointView.m in Sources */,
				9FD98E441B459A94002BBBC4 /* ViewController.m in Sources */,
				9FD98E411B459A94002BBBC4 /* AppDelegate.m in Sources */,
				9FD98E3E1B459A94002BBBC4 /* main.m in Sources */,
				9F2CC3A21B6B088D005154E9 /* PointView.m in Sources */,
				9FD98E631B459B04002BBBC4 /* BezierV.m in Sources */,
			);
			runOnlyForDeploymentPostprocessing = 0;
		};
		9FD98E4D1B459A94002BBBC4 /* Sources */ = {
			isa = PBXSourcesBuildPhase;
			buildActionMask = 2147483647;
			files = (
				9FD98E581B459A94002BBBC4 /* DrawTestDemoTests.m in Sources */,
			);
			runOnlyForDeploymentPostprocessing = 0;
		};
/* End PBXSourcesBuildPhase section */

/* Begin PBXTargetDependency section */
		9FD98E531B459A94002BBBC4 /* PBXTargetDependency */ = {
			isa = PBXTargetDependency;
			target = 9FD98E371B459A94002BBBC4 /* DrawTestDemo */;
			targetProxy = 9FD98E521B459A94002BBBC4 /* PBXContainerItemProxy */;
		};
/* End PBXTargetDependency section */

/* Begin PBXVariantGroup section */
		9FD98E451B459A94002BBBC4 /* Main.storyboard */ = {
			isa = PBXVariantGroup;
			children = (
				9FD98E461B459A94002BBBC4 /* Base */,
			);
			name = Main.storyboard;
			sourceTree = "<group>";
		};
		9FD98E4A1B459A94002BBBC4 /* LaunchScreen.xib */ = {
			isa = PBXVariantGroup;
			children = (
				9FD98E4B1B459A94002BBBC4 /* Base */,
			);
			name = LaunchScreen.xib;
			sourceTree = "<group>";
		};
/* End PBXVariantGroup section */

/* Begin XCBuildConfiguration section */
		9FD98E591B459A94002BBBC4 /* Debug */ = {
			isa = XCBuildConfiguration;
			buildSettings = {
				ALWAYS_SEARCH_USER_PATHS = NO;
				CLANG_CXX_LANGUAGE_STANDARD = "gnu++0x";
				CLANG_CXX_LIBRARY = "libc++";
				CLANG_ENABLE_MODULES = YES;
				CLANG_ENABLE_OBJC_ARC = YES;
				CLANG_WARN_BOOL_CONVERSION = YES;
				CLANG_WARN_CONSTANT_CONVERSION = YES;
				CLANG_WARN_DIRECT_OBJC_ISA_USAGE = YES_ERROR;
				CLANG_WARN_EMPTY_BODY = YES;
				CLANG_WARN_ENUM_CONVERSION = YES;
				CLANG_WARN_INT_CONVERSION = YES;
				CLANG_WARN_OBJC_ROOT_CLASS = YES_ERROR;
				CLANG_WARN_UNREACHABLE_CODE = YES;
				CLANG_WARN__DUPLICATE_METHOD_MATCH = YES;
				"CODE_SIGN_IDENTITY[sdk=iphoneos*]" = "iPhone Developer";
				COPY_PHASE_STRIP = NO;
				DEBUG_INFORMATION_FORMAT = "dwarf-with-dsym";
				ENABLE_STRICT_OBJC_MSGSEND = YES;
				GCC_C_LANGUAGE_STANDARD = gnu99;
				GCC_DYNAMIC_NO_PIC = NO;
				GCC_NO_COMMON_BLOCKS = YES;
				GCC_OPTIMIZATION_LEVEL = 0;
				GCC_PREPROCESSOR_DEFINITIONS = (
					"DEBUG=1",
					"$(inherited)",
				);
				GCC_SYMBOLS_PRIVATE_EXTERN = NO;
				GCC_WARN_64_TO_32_BIT_CONVERSION = YES;
				GCC_WARN_ABOUT_RETURN_TYPE = YES_ERROR;
				GCC_WARN_UNDECLARED_SELECTOR = YES;
				GCC_WARN_UNINITIALIZED_AUTOS = YES_AGGRESSIVE;
				GCC_WARN_UNUSED_FUNCTION = YES;
				GCC_WARN_UNUSED_VARIABLE = YES;
				IPHONEOS_DEPLOYMENT_TARGET = 8.4;
				MTL_ENABLE_DEBUG_INFO = YES;
				ONLY_ACTIVE_ARCH = YES;
				SDKROOT = iphoneos;
			};
			name = Debug;
		};
		9FD98E5A1B459A94002BBBC4 /* Release */ = {
			isa = XCBuildConfiguration;
			buildSettings = {
				ALWAYS_SEARCH_USER_PATHS = NO;
				CLANG_CXX_LANGUAGE_STANDARD = "gnu++0x";
				CLANG_CXX_LIBRARY = "libc++";
				CLANG_ENABLE_MODULES = YES;
				CLANG_ENABLE_OBJC_ARC = YES;
				CLANG_WARN_BOOL_CONVERSION = YES;
				CLANG_WARN_CONSTANT_CONVERSION = YES;
				CLANG_WARN_DIRECT_OBJC_ISA_USAGE = YES_ERROR;
				CLANG_WARN_EMPTY_BODY = YES;
				CLANG_WARN_ENUM_CONVERSION = YES;
				CLANG_WARN_INT_CONVERSION = YES;
				CLANG_WARN_OBJC_ROOT_CLASS = YES_ERROR;
				CLANG_WARN_UNREACHABLE_CODE = YES;
				CLANG_WARN__DUPLICATE_METHOD_MATCH = YES;
				"CODE_SIGN_IDENTITY[sdk=iphoneos*]" = "iPhone Developer";
				COPY_PHASE_STRIP = NO;
				DEBUG_INFORMATION_FORMAT = "dwarf-with-dsym";
				ENABLE_NS_ASSERTIONS = NO;
				ENABLE_STRICT_OBJC_MSGSEND = YES;
				GCC_C_LANGUAGE_STANDARD = gnu99;
				GCC_NO_COMMON_BLOCKS = YES;
				GCC_WARN_64_TO_32_BIT_CONVERSION = YES;
				GCC_WARN_ABOUT_RETURN_TYPE = YES_ERROR;
				GCC_WARN_UNDECLARED_SELECTOR = YES;
				GCC_WARN_UNINITIALIZED_AUTOS = YES_AGGRESSIVE;
				GCC_WARN_UNUSED_FUNCTION = YES;
				GCC_WARN_UNUSED_VARIABLE = YES;
				IPHONEOS_DEPLOYMENT_TARGET = 8.4;
				MTL_ENABLE_DEBUG_INFO = NO;
				SDKROOT = iphoneos;
				VALIDATE_PRODUCT = YES;
			};
			name = Release;
		};
		9FD98E5C1B459A94002BBBC4 /* Debug */ = {
			isa = XCBuildConfiguration;
			buildSettings = {
				ASSETCATALOG_COMPILER_APPICON_NAME = AppIcon;
				INFOPLIST_FILE = DrawTestDemo/Info.plist;
				LD_RUNPATH_SEARCH_PATHS = "$(inherited) @executable_path/Frameworks";
				PRODUCT_NAME = "$(TARGET_NAME)";
			};
			name = Debug;
		};
		9FD98E5D1B459A94002BBBC4 /* Release */ = {
			isa = XCBuildConfiguration;
			buildSettings = {
				ASSETCATALOG_COMPILER_APPICON_NAME = AppIcon;
				INFOPLIST_FILE = DrawTestDemo/Info.plist;
				LD_RUNPATH_SEARCH_PATHS = "$(inherited) @executable_path/Frameworks";
				PRODUCT_NAME = "$(TARGET_NAME)";
			};
			name = Release;
		};
		9FD98E5F1B459A94002BBBC4 /* Debug */ = {
			isa = XCBuildConfiguration;
			buildSettings = {
				BUNDLE_LOADER = "$(TEST_HOST)";
				FRAMEWORK_SEARCH_PATHS = (
					"$(SDKROOT)/Developer/Library/Frameworks",
					"$(inherited)",
				);
				GCC_PREPROCESSOR_DEFINITIONS = (
					"DEBUG=1",
					"$(inherited)",
				);
				INFOPLIST_FILE = DrawTestDemoTests/Info.plist;
				LD_RUNPATH_SEARCH_PATHS = "$(inherited) @executable_path/Frameworks @loader_path/Frameworks";
				PRODUCT_NAME = "$(TARGET_NAME)";
				TEST_HOST = "$(BUILT_PRODUCTS_DIR)/DrawTestDemo.app/DrawTestDemo";
			};
			name = Debug;
		};
		9FD98E601B459A94002BBBC4 /* Release */ = {
			isa = XCBuildConfiguration;
			buildSettings = {
				BUNDLE_LOADER = "$(TEST_HOST)";
				FRAMEWORK_SEARCH_PATHS = (
					"$(SDKROOT)/Developer/Library/Frameworks",
					"$(inherited)",
				);
				INFOPLIST_FILE = DrawTestDemoTests/Info.plist;
				LD_RUNPATH_SEARCH_PATHS = "$(inherited) @executable_path/Frameworks @loader_path/Frameworks";
				PRODUCT_NAME = "$(TARGET_NAME)";
				TEST_HOST = "$(BUILT_PRODUCTS_DIR)/DrawTestDemo.app/DrawTestDemo";
			};
			name = Release;
		};
/* End XCBuildConfiguration section */

/* Begin XCConfigurationList section */
		9FD98E331B459A94002BBBC4 /* Build configuration list for PBXProject "DrawTestDemo" */ = {
			isa = XCConfigurationList;
			buildConfigurations = (
				9FD98E591B459A94002BBBC4 /* Debug */,
				9FD98E5A1B459A94002BBBC4 /* Release */,
			);
			defaultConfigurationIsVisible = 0;
			defaultConfigurationName = Release;
		};
		9FD98E5B1B459A94002BBBC4 /* Build configuration list for PBXNativeTarget "DrawTestDemo" */ = {
			isa = XCConfigurationList;
			buildConfigurations = (
				9FD98E5C1B459A94002BBBC4 /* Debug */,
				9FD98E5D1B459A94002BBBC4 /* Release */,
			);
			defaultConfigurationIsVisible = 0;
			defaultConfigurationName = Release;
		};
		9FD98E5E1B459A94002BBBC4 /* Build configuration list for PBXNativeTarget "DrawTestDemoTests" */ = {
			isa = XCConfigurationList;
			buildConfigurations = (
				9FD98E5F1B459A94002BBBC4 /* Debug */,
				9FD98E601B459A94002BBBC4 /* Release */,
			);
			defaultConfigurationIsVisible = 0;
			defaultConfigurationName = Release;
		};
/* End XCConfigurationList section */
	};
	rootObject = 9FD98E301B459A94002BBBC4 /* Project object */;
}
